
Microsoft Visual Studio Solution File, Format Version 12.00
# Visual Studio 15
Project("{FAE04EC0-301F-11D3-BF4B-00C04F79EFBC}") = "LinkList", "LinkList.csproj", "{6E503A56-968D-4385-B894-1F096C27E929}"
EndProject
Project("{FAE04EC0-301F-11D3-BF4B-00C04F79EFBC}") = "XUnitTestProject1", "XUnitTestProject1\XUnitTestProject1.csproj", "{21979933-A25B-4278-AA64-F64F9F1E5BBA}"
EndProject
Global
	GlobalSection(SolutionConfigurationPlatforms) = preSolution
		Debug|Any CPU = Debug|Any CPU
		Release|Any CPU = Release|Any CPU
	EndGlobalSection
	GlobalSection(ProjectConfigurationPlatforms) = postSolution
		{6E503A56-968D-4385-B894-1F096C27E929}.Debug|Any CPU.ActiveCfg = Debug|Any CPU
		{6E503A56-968D-4385-B894-1F096C27E929}.Debug|Any CPU.Build.0 = Debug|Any CPU
		{6E503A56-968D-4385-B894-1F096C27E929}.Release|Any CPU.ActiveCfg = Release|Any CPU
		{6E503A56-968D-4385-B894-1F096C27E929}.Release|Any CPU.Build.0 = Release|Any CPU
		{21979933-A25B-4278-AA64-F64F9F1E5BBA}.Debug|Any CPU.ActiveCfg = Debug|Any CPU
		{21979933-A25B-4278-AA64-F64F9F1E5BBA}.Debug|Any CPU.Build.0 = Debug|Any CPU
		{21979933-A25B-4278-AA64-F64F9F1E5BBA}.Release|Any CPU.ActiveCfg = Release|Any CPU
		{21979933-A25B-4278-AA64-F64F9F1E5BBA}.Release|Any CPU.Build.0 = Release|Any CPU
	EndGlobalSection
EndGlobal
